
Microsoft Visual Studio Solution File, Format Version 12.00
# Visual Studio 15
VisualStudioVersion = 15.0.26124.0
MinimumVisualStudioVersion = 15.0.26124.0
Project("{FAE04EC0-301F-11D3-BF4B-00C04F79EFBC}") = "OneAdvisor.Model", "src\OneAdvisor.Model\OneAdvisor.Model.csproj", "{9E1E8377-A5D7-4E58-93D2-CFD15B8E86A2}"
EndProject
Project("{FAE04EC0-301F-11D3-BF4B-00C04F79EFBC}") = "OneAdvisor.Service", "src\OneAdvisor.Service\OneAdvisor.Service.csproj", "{B729D31F-6D43-4708-B7AA-4CA0EC643689}"
EndProject
Project("{FAE04EC0-301F-11D3-BF4B-00C04F79EFBC}") = "OneAdvisor.Data", "src\OneAdvisor.Data\OneAdvisor.Data.csproj", "{BF9150E9-8FED-4C5D-8C83-63DF03A85513}"
EndProject
Project("{FAE04EC0-301F-11D3-BF4B-00C04F79EFBC}") = "OneAdvisor.Service.Test", "test\OneAdvisor.Service.Test\OneAdvisor.Service.Test.csproj", "{D9A4B16A-E0F0-40DC-ABA2-3BBF069B0F22}"
EndProject
Project("{FAE04EC0-301F-11D3-BF4B-00C04F79EFBC}") = "OneAdvisor.Export.Csv", "src\OneAdvisor.Export.Csv\OneAdvisor.Export.Csv.csproj", "{49B13AD8-F180-402A-A7B4-F5F236AA895D}"
EndProject
Project("{FAE04EC0-301F-11D3-BF4B-00C04F79EFBC}") = "OneAdvisor.Import.Excel", "src\OneAdvisor.Import.Excel\OneAdvisor.Import.Excel.csproj", "{725602C7-E9FC-40CE-B568-49F1ECFF3312}"
EndProject
Project("{FAE04EC0-301F-11D3-BF4B-00C04F79EFBC}") = "OneAdvisor.Import.Excel.Test", "test\OneAdvisor.Import.Excel.Test\OneAdvisor.Import.Excel.Test.csproj", "{82B224E8-0240-4B33-A044-0418587DDA96}"
EndProject
Project("{FAE04EC0-301F-11D3-BF4B-00C04F79EFBC}") = "OneAdvisor.Email", "src\OneAdvisor.Email\OneAdvisor.Email.csproj", "{1068D321-60D5-4226-A342-8880F90C4247}"
EndProject
Project("{FAE04EC0-301F-11D3-BF4B-00C04F79EFBC}") = "OneAdvisor.Service.IntegrationTest", "test\OneAdvisor.Service.IntegrationTest\OneAdvisor.Service.IntegrationTest.csproj", "{F7ADE2E5-6C90-4151-9755-F7A27DAF85E0}"
EndProject
Project("{FAE04EC0-301F-11D3-BF4B-00C04F79EFBC}") = "OneAdvisor.Service.Storage", "src\OneAdvisor.Service.Storage\OneAdvisor.Service.Storage.csproj", "{CD24AFD0-C659-403E-B933-B17A7CEF89A4}"
EndProject
Project("{FAE04EC0-301F-11D3-BF4B-00C04F79EFBC}") = "OneAdvisor.Model.Test", "test\OneAdvisor.Model.Test\OneAdvisor.Model.Test.csproj", "{19B3B6EB-40FE-4EB9-BEDD-CDD1FDE00BDA}"
EndProject
Project("{FAE04EC0-301F-11D3-BF4B-00C04F79EFBC}") = "OneAdvisor.Service.Function", "src\OneAdvisor.Service.Function\OneAdvisor.Service.Function.csproj", "{5C8C9221-AB25-4C58-A845-BAD7ABD86401}"
EndProject
Project("{2150E333-8FDC-42A3-9474-1A3956D46DE8}") = "src", "src", "{6D06A185-F7CB-4BCF-8B38-AD9455EDF9E7}"
EndProject
Project("{2150E333-8FDC-42A3-9474-1A3956D46DE8}") = "oneadvisor", "oneadvisor", "{1DFA101F-E27F-4931-9CFF-1F4CB9ABD5C6}"
EndProject
Project("{FAE04EC0-301F-11D3-BF4B-00C04F79EFBC}") = "api", "src\oneadvisor\api\api.csproj", "{01819127-F178-41DA-9074-A0D82D98B271}"
EndProject
Project("{2150E333-8FDC-42A3-9474-1A3956D46DE8}") = "test", "test", "{9A7BEFFD-D8AF-4FDB-AF88-F3D8695FB673}"
EndProject
Project("{2150E333-8FDC-42A3-9474-1A3956D46DE8}") = "oneadvisor", "oneadvisor", "{84FADC67-4611-4581-B6AD-0BDAE5E9E1A7}"
EndProject
Project("{FAE04EC0-301F-11D3-BF4B-00C04F79EFBC}") = "api.Test", "test\oneadvisor\api.Test\api.Test.csproj", "{99366D10-FD25-4C2F-8731-9E82F9ABE9F1}"
EndProject
Global
	GlobalSection(SolutionConfigurationPlatforms) = preSolution
		Debug|Any CPU = Debug|Any CPU
		Debug|x64 = Debug|x64
		Debug|x86 = Debug|x86
		Release|Any CPU = Release|Any CPU
		Release|x64 = Release|x64
		Release|x86 = Release|x86
	EndGlobalSection
	GlobalSection(SolutionProperties) = preSolution
		HideSolutionNode = FALSE
	EndGlobalSection
	GlobalSection(ProjectConfigurationPlatforms) = postSolution
		{9E1E8377-A5D7-4E58-93D2-CFD15B8E86A2}.Debug|Any CPU.ActiveCfg = Debug|Any CPU
		{9E1E8377-A5D7-4E58-93D2-CFD15B8E86A2}.Debug|Any CPU.Build.0 = Debug|Any CPU
		{9E1E8377-A5D7-4E58-93D2-CFD15B8E86A2}.Debug|x64.ActiveCfg = Debug|Any CPU
		{9E1E8377-A5D7-4E58-93D2-CFD15B8E86A2}.Debug|x64.Build.0 = Debug|Any CPU
		{9E1E8377-A5D7-4E58-93D2-CFD15B8E86A2}.Debug|x86.ActiveCfg = Debug|Any CPU
		{9E1E8377-A5D7-4E58-93D2-CFD15B8E86A2}.Debug|x86.Build.0 = Debug|Any CPU
		{9E1E8377-A5D7-4E58-93D2-CFD15B8E86A2}.Release|Any CPU.ActiveCfg = Release|Any CPU
		{9E1E8377-A5D7-4E58-93D2-CFD15B8E86A2}.Release|Any CPU.Build.0 = Release|Any CPU
		{9E1E8377-A5D7-4E58-93D2-CFD15B8E86A2}.Release|x64.ActiveCfg = Release|Any CPU
		{9E1E8377-A5D7-4E58-93D2-CFD15B8E86A2}.Release|x64.Build.0 = Release|Any CPU
		{9E1E8377-A5D7-4E58-93D2-CFD15B8E86A2}.Release|x86.ActiveCfg = Release|Any CPU
		{9E1E8377-A5D7-4E58-93D2-CFD15B8E86A2}.Release|x86.Build.0 = Release|Any CPU
		{B729D31F-6D43-4708-B7AA-4CA0EC643689}.Debug|Any CPU.ActiveCfg = Debug|Any CPU
		{B729D31F-6D43-4708-B7AA-4CA0EC643689}.Debug|Any CPU.Build.0 = Debug|Any CPU
		{B729D31F-6D43-4708-B7AA-4CA0EC643689}.Debug|x64.ActiveCfg = Debug|Any CPU
		{B729D31F-6D43-4708-B7AA-4CA0EC643689}.Debug|x64.Build.0 = Debug|Any CPU
		{B729D31F-6D43-4708-B7AA-4CA0EC643689}.Debug|x86.ActiveCfg = Debug|Any CPU
		{B729D31F-6D43-4708-B7AA-4CA0EC643689}.Debug|x86.Build.0 = Debug|Any CPU
		{B729D31F-6D43-4708-B7AA-4CA0EC643689}.Release|Any CPU.ActiveCfg = Release|Any CPU
		{B729D31F-6D43-4708-B7AA-4CA0EC643689}.Release|Any CPU.Build.0 = Release|Any CPU
		{B729D31F-6D43-4708-B7AA-4CA0EC643689}.Release|x64.ActiveCfg = Release|Any CPU
		{B729D31F-6D43-4708-B7AA-4CA0EC643689}.Release|x64.Build.0 = Release|Any CPU
		{B729D31F-6D43-4708-B7AA-4CA0EC643689}.Release|x86.ActiveCfg = Release|Any CPU
		{B729D31F-6D43-4708-B7AA-4CA0EC643689}.Release|x86.Build.0 = Release|Any CPU
		{5681C6F6-3087-444F-8BD5-E2674A5ACA6B}.Debug|Any CPU.ActiveCfg = Debug|Any CPU
		{5681C6F6-3087-444F-8BD5-E2674A5ACA6B}.Debug|Any CPU.Build.0 = Debug|Any CPU
		{5681C6F6-3087-444F-8BD5-E2674A5ACA6B}.Debug|x64.ActiveCfg = Debug|Any CPU
		{5681C6F6-3087-444F-8BD5-E2674A5ACA6B}.Debug|x64.Build.0 = Debug|Any CPU
		{5681C6F6-3087-444F-8BD5-E2674A5ACA6B}.Debug|x86.ActiveCfg = Debug|Any CPU
		{5681C6F6-3087-444F-8BD5-E2674A5ACA6B}.Debug|x86.Build.0 = Debug|Any CPU
		{5681C6F6-3087-444F-8BD5-E2674A5ACA6B}.Release|Any CPU.ActiveCfg = Release|Any CPU
		{5681C6F6-3087-444F-8BD5-E2674A5ACA6B}.Release|Any CPU.Build.0 = Release|Any CPU
		{5681C6F6-3087-444F-8BD5-E2674A5ACA6B}.Release|x64.ActiveCfg = Release|Any CPU
		{5681C6F6-3087-444F-8BD5-E2674A5ACA6B}.Release|x64.Build.0 = Release|Any CPU
		{5681C6F6-3087-444F-8BD5-E2674A5ACA6B}.Release|x86.ActiveCfg = Release|Any CPU
		{5681C6F6-3087-444F-8BD5-E2674A5ACA6B}.Release|x86.Build.0 = Release|Any CPU
		{BF9150E9-8FED-4C5D-8C83-63DF03A85513}.Debug|Any CPU.ActiveCfg = Debug|Any CPU
		{BF9150E9-8FED-4C5D-8C83-63DF03A85513}.Debug|Any CPU.Build.0 = Debug|Any CPU
		{BF9150E9-8FED-4C5D-8C83-63DF03A85513}.Debug|x64.ActiveCfg = Debug|Any CPU
		{BF9150E9-8FED-4C5D-8C83-63DF03A85513}.Debug|x64.Build.0 = Debug|Any CPU
		{BF9150E9-8FED-4C5D-8C83-63DF03A85513}.Debug|x86.ActiveCfg = Debug|Any CPU
		{BF9150E9-8FED-4C5D-8C83-63DF03A85513}.Debug|x86.Build.0 = Debug|Any CPU
		{BF9150E9-8FED-4C5D-8C83-63DF03A85513}.Release|Any CPU.ActiveCfg = Release|Any CPU
		{BF9150E9-8FED-4C5D-8C83-63DF03A85513}.Release|Any CPU.Build.0 = Release|Any CPU
		{BF9150E9-8FED-4C5D-8C83-63DF03A85513}.Release|x64.ActiveCfg = Release|Any CPU
		{BF9150E9-8FED-4C5D-8C83-63DF03A85513}.Release|x64.Build.0 = Release|Any CPU
		{BF9150E9-8FED-4C5D-8C83-63DF03A85513}.Release|x86.ActiveCfg = Release|Any CPU
		{BF9150E9-8FED-4C5D-8C83-63DF03A85513}.Release|x86.Build.0 = Release|Any CPU
		{D9A4B16A-E0F0-40DC-ABA2-3BBF069B0F22}.Debug|Any CPU.ActiveCfg = Debug|Any CPU
		{D9A4B16A-E0F0-40DC-ABA2-3BBF069B0F22}.Debug|Any CPU.Build.0 = Debug|Any CPU
		{D9A4B16A-E0F0-40DC-ABA2-3BBF069B0F22}.Debug|x64.ActiveCfg = Debug|Any CPU
		{D9A4B16A-E0F0-40DC-ABA2-3BBF069B0F22}.Debug|x64.Build.0 = Debug|Any CPU
		{D9A4B16A-E0F0-40DC-ABA2-3BBF069B0F22}.Debug|x86.ActiveCfg = Debug|Any CPU
		{D9A4B16A-E0F0-40DC-ABA2-3BBF069B0F22}.Debug|x86.Build.0 = Debug|Any CPU
		{D9A4B16A-E0F0-40DC-ABA2-3BBF069B0F22}.Release|Any CPU.ActiveCfg = Release|Any CPU
		{D9A4B16A-E0F0-40DC-ABA2-3BBF069B0F22}.Release|Any CPU.Build.0 = Release|Any CPU
		{D9A4B16A-E0F0-40DC-ABA2-3BBF069B0F22}.Release|x64.ActiveCfg = Release|Any CPU
		{D9A4B16A-E0F0-40DC-ABA2-3BBF069B0F22}.Release|x64.Build.0 = Release|Any CPU
		{D9A4B16A-E0F0-40DC-ABA2-3BBF069B0F22}.Release|x86.ActiveCfg = Release|Any CPU
		{D9A4B16A-E0F0-40DC-ABA2-3BBF069B0F22}.Release|x86.Build.0 = Release|Any CPU
		{57EFCF57-7AC4-4345-A550-140EB51A622D}.Debug|Any CPU.ActiveCfg = Debug|Any CPU
		{57EFCF57-7AC4-4345-A550-140EB51A622D}.Debug|Any CPU.Build.0 = Debug|Any CPU
		{57EFCF57-7AC4-4345-A550-140EB51A622D}.Debug|x64.ActiveCfg = Debug|Any CPU
		{57EFCF57-7AC4-4345-A550-140EB51A622D}.Debug|x64.Build.0 = Debug|Any CPU
		{57EFCF57-7AC4-4345-A550-140EB51A622D}.Debug|x86.ActiveCfg = Debug|Any CPU
		{57EFCF57-7AC4-4345-A550-140EB51A622D}.Debug|x86.Build.0 = Debug|Any CPU
		{57EFCF57-7AC4-4345-A550-140EB51A622D}.Release|Any CPU.ActiveCfg = Release|Any CPU
		{57EFCF57-7AC4-4345-A550-140EB51A622D}.Release|Any CPU.Build.0 = Release|Any CPU
		{57EFCF57-7AC4-4345-A550-140EB51A622D}.Release|x64.ActiveCfg = Release|Any CPU
		{57EFCF57-7AC4-4345-A550-140EB51A622D}.Release|x64.Build.0 = Release|Any CPU
		{57EFCF57-7AC4-4345-A550-140EB51A622D}.Release|x86.ActiveCfg = Release|Any CPU
		{57EFCF57-7AC4-4345-A550-140EB51A622D}.Release|x86.Build.0 = Release|Any CPU
		{49B13AD8-F180-402A-A7B4-F5F236AA895D}.Debug|Any CPU.ActiveCfg = Debug|Any CPU
		{49B13AD8-F180-402A-A7B4-F5F236AA895D}.Debug|Any CPU.Build.0 = Debug|Any CPU
		{49B13AD8-F180-402A-A7B4-F5F236AA895D}.Debug|x64.ActiveCfg = Debug|Any CPU
		{49B13AD8-F180-402A-A7B4-F5F236AA895D}.Debug|x64.Build.0 = Debug|Any CPU
		{49B13AD8-F180-402A-A7B4-F5F236AA895D}.Debug|x86.ActiveCfg = Debug|Any CPU
		{49B13AD8-F180-402A-A7B4-F5F236AA895D}.Debug|x86.Build.0 = Debug|Any CPU
		{49B13AD8-F180-402A-A7B4-F5F236AA895D}.Release|Any CPU.ActiveCfg = Release|Any CPU
		{49B13AD8-F180-402A-A7B4-F5F236AA895D}.Release|Any CPU.Build.0 = Release|Any CPU
		{49B13AD8-F180-402A-A7B4-F5F236AA895D}.Release|x64.ActiveCfg = Release|Any CPU
		{49B13AD8-F180-402A-A7B4-F5F236AA895D}.Release|x64.Build.0 = Release|Any CPU
		{49B13AD8-F180-402A-A7B4-F5F236AA895D}.Release|x86.ActiveCfg = Release|Any CPU
		{49B13AD8-F180-402A-A7B4-F5F236AA895D}.Release|x86.Build.0 = Release|Any CPU
		{725602C7-E9FC-40CE-B568-49F1ECFF3312}.Debug|Any CPU.ActiveCfg = Debug|Any CPU
		{725602C7-E9FC-40CE-B568-49F1ECFF3312}.Debug|Any CPU.Build.0 = Debug|Any CPU
		{725602C7-E9FC-40CE-B568-49F1ECFF3312}.Debug|x64.ActiveCfg = Debug|Any CPU
		{725602C7-E9FC-40CE-B568-49F1ECFF3312}.Debug|x64.Build.0 = Debug|Any CPU
		{725602C7-E9FC-40CE-B568-49F1ECFF3312}.Debug|x86.ActiveCfg = Debug|Any CPU
		{725602C7-E9FC-40CE-B568-49F1ECFF3312}.Debug|x86.Build.0 = Debug|Any CPU
		{725602C7-E9FC-40CE-B568-49F1ECFF3312}.Release|Any CPU.ActiveCfg = Release|Any CPU
		{725602C7-E9FC-40CE-B568-49F1ECFF3312}.Release|Any CPU.Build.0 = Release|Any CPU
		{725602C7-E9FC-40CE-B568-49F1ECFF3312}.Release|x64.ActiveCfg = Release|Any CPU
		{725602C7-E9FC-40CE-B568-49F1ECFF3312}.Release|x64.Build.0 = Release|Any CPU
		{725602C7-E9FC-40CE-B568-49F1ECFF3312}.Release|x86.ActiveCfg = Release|Any CPU
		{725602C7-E9FC-40CE-B568-49F1ECFF3312}.Release|x86.Build.0 = Release|Any CPU
		{82B224E8-0240-4B33-A044-0418587DDA96}.Debug|Any CPU.ActiveCfg = Debug|Any CPU
		{82B224E8-0240-4B33-A044-0418587DDA96}.Debug|Any CPU.Build.0 = Debug|Any CPU
		{82B224E8-0240-4B33-A044-0418587DDA96}.Debug|x64.ActiveCfg = Debug|Any CPU
		{82B224E8-0240-4B33-A044-0418587DDA96}.Debug|x64.Build.0 = Debug|Any CPU
		{82B224E8-0240-4B33-A044-0418587DDA96}.Debug|x86.ActiveCfg = Debug|Any CPU
		{82B224E8-0240-4B33-A044-0418587DDA96}.Debug|x86.Build.0 = Debug|Any CPU
		{82B224E8-0240-4B33-A044-0418587DDA96}.Release|Any CPU.ActiveCfg = Release|Any CPU
		{82B224E8-0240-4B33-A044-0418587DDA96}.Release|Any CPU.Build.0 = Release|Any CPU
		{82B224E8-0240-4B33-A044-0418587DDA96}.Release|x64.ActiveCfg = Release|Any CPU
		{82B224E8-0240-4B33-A044-0418587DDA96}.Release|x64.Build.0 = Release|Any CPU
		{82B224E8-0240-4B33-A044-0418587DDA96}.Release|x86.ActiveCfg = Release|Any CPU
		{82B224E8-0240-4B33-A044-0418587DDA96}.Release|x86.Build.0 = Release|Any CPU
		{1068D321-60D5-4226-A342-8880F90C4247}.Debug|Any CPU.ActiveCfg = Debug|Any CPU
		{1068D321-60D5-4226-A342-8880F90C4247}.Debug|Any CPU.Build.0 = Debug|Any CPU
		{1068D321-60D5-4226-A342-8880F90C4247}.Debug|x64.ActiveCfg = Debug|Any CPU
		{1068D321-60D5-4226-A342-8880F90C4247}.Debug|x64.Build.0 = Debug|Any CPU
		{1068D321-60D5-4226-A342-8880F90C4247}.Debug|x86.ActiveCfg = Debug|Any CPU
		{1068D321-60D5-4226-A342-8880F90C4247}.Debug|x86.Build.0 = Debug|Any CPU
		{1068D321-60D5-4226-A342-8880F90C4247}.Release|Any CPU.ActiveCfg = Release|Any CPU
		{1068D321-60D5-4226-A342-8880F90C4247}.Release|Any CPU.Build.0 = Release|Any CPU
		{1068D321-60D5-4226-A342-8880F90C4247}.Release|x64.ActiveCfg = Release|Any CPU
		{1068D321-60D5-4226-A342-8880F90C4247}.Release|x64.Build.0 = Release|Any CPU
		{1068D321-60D5-4226-A342-8880F90C4247}.Release|x86.ActiveCfg = Release|Any CPU
		{1068D321-60D5-4226-A342-8880F90C4247}.Release|x86.Build.0 = Release|Any CPU
		{F7ADE2E5-6C90-4151-9755-F7A27DAF85E0}.Debug|Any CPU.ActiveCfg = Debug|Any CPU
		{F7ADE2E5-6C90-4151-9755-F7A27DAF85E0}.Debug|Any CPU.Build.0 = Debug|Any CPU
		{F7ADE2E5-6C90-4151-9755-F7A27DAF85E0}.Debug|x64.ActiveCfg = Debug|Any CPU
		{F7ADE2E5-6C90-4151-9755-F7A27DAF85E0}.Debug|x64.Build.0 = Debug|Any CPU
		{F7ADE2E5-6C90-4151-9755-F7A27DAF85E0}.Debug|x86.ActiveCfg = Debug|Any CPU
		{F7ADE2E5-6C90-4151-9755-F7A27DAF85E0}.Debug|x86.Build.0 = Debug|Any CPU
		{F7ADE2E5-6C90-4151-9755-F7A27DAF85E0}.Release|Any CPU.ActiveCfg = Release|Any CPU
		{F7ADE2E5-6C90-4151-9755-F7A27DAF85E0}.Release|Any CPU.Build.0 = Release|Any CPU
		{F7ADE2E5-6C90-4151-9755-F7A27DAF85E0}.Release|x64.ActiveCfg = Release|Any CPU
		{F7ADE2E5-6C90-4151-9755-F7A27DAF85E0}.Release|x64.Build.0 = Release|Any CPU
		{F7ADE2E5-6C90-4151-9755-F7A27DAF85E0}.Release|x86.ActiveCfg = Release|Any CPU
		{F7ADE2E5-6C90-4151-9755-F7A27DAF85E0}.Release|x86.Build.0 = Release|Any CPU
		{CD24AFD0-C659-403E-B933-B17A7CEF89A4}.Debug|Any CPU.ActiveCfg = Debug|Any CPU
		{CD24AFD0-C659-403E-B933-B17A7CEF89A4}.Debug|Any CPU.Build.0 = Debug|Any CPU
		{CD24AFD0-C659-403E-B933-B17A7CEF89A4}.Debug|x64.ActiveCfg = Debug|Any CPU
		{CD24AFD0-C659-403E-B933-B17A7CEF89A4}.Debug|x64.Build.0 = Debug|Any CPU
		{CD24AFD0-C659-403E-B933-B17A7CEF89A4}.Debug|x86.ActiveCfg = Debug|Any CPU
		{CD24AFD0-C659-403E-B933-B17A7CEF89A4}.Debug|x86.Build.0 = Debug|Any CPU
		{CD24AFD0-C659-403E-B933-B17A7CEF89A4}.Release|Any CPU.ActiveCfg = Release|Any CPU
		{CD24AFD0-C659-403E-B933-B17A7CEF89A4}.Release|Any CPU.Build.0 = Release|Any CPU
		{CD24AFD0-C659-403E-B933-B17A7CEF89A4}.Release|x64.ActiveCfg = Release|Any CPU
		{CD24AFD0-C659-403E-B933-B17A7CEF89A4}.Release|x64.Build.0 = Release|Any CPU
		{CD24AFD0-C659-403E-B933-B17A7CEF89A4}.Release|x86.ActiveCfg = Release|Any CPU
		{CD24AFD0-C659-403E-B933-B17A7CEF89A4}.Release|x86.Build.0 = Release|Any CPU
		{19B3B6EB-40FE-4EB9-BEDD-CDD1FDE00BDA}.Debug|Any CPU.ActiveCfg = Debug|Any CPU
		{19B3B6EB-40FE-4EB9-BEDD-CDD1FDE00BDA}.Debug|Any CPU.Build.0 = Debug|Any CPU
		{19B3B6EB-40FE-4EB9-BEDD-CDD1FDE00BDA}.Debug|x64.ActiveCfg = Debug|Any CPU
		{19B3B6EB-40FE-4EB9-BEDD-CDD1FDE00BDA}.Debug|x64.Build.0 = Debug|Any CPU
		{19B3B6EB-40FE-4EB9-BEDD-CDD1FDE00BDA}.Debug|x86.ActiveCfg = Debug|Any CPU
		{19B3B6EB-40FE-4EB9-BEDD-CDD1FDE00BDA}.Debug|x86.Build.0 = Debug|Any CPU
		{19B3B6EB-40FE-4EB9-BEDD-CDD1FDE00BDA}.Release|Any CPU.ActiveCfg = Release|Any CPU
		{19B3B6EB-40FE-4EB9-BEDD-CDD1FDE00BDA}.Release|Any CPU.Build.0 = Release|Any CPU
		{19B3B6EB-40FE-4EB9-BEDD-CDD1FDE00BDA}.Release|x64.ActiveCfg = Release|Any CPU
		{19B3B6EB-40FE-4EB9-BEDD-CDD1FDE00BDA}.Release|x64.Build.0 = Release|Any CPU
		{19B3B6EB-40FE-4EB9-BEDD-CDD1FDE00BDA}.Release|x86.ActiveCfg = Release|Any CPU
		{19B3B6EB-40FE-4EB9-BEDD-CDD1FDE00BDA}.Release|x86.Build.0 = Release|Any CPU
		{5C8C9221-AB25-4C58-A845-BAD7ABD86401}.Debug|Any CPU.ActiveCfg = Debug|Any CPU
		{5C8C9221-AB25-4C58-A845-BAD7ABD86401}.Debug|Any CPU.Build.0 = Debug|Any CPU
		{5C8C9221-AB25-4C58-A845-BAD7ABD86401}.Debug|x64.ActiveCfg = Debug|Any CPU
		{5C8C9221-AB25-4C58-A845-BAD7ABD86401}.Debug|x64.Build.0 = Debug|Any CPU
		{5C8C9221-AB25-4C58-A845-BAD7ABD86401}.Debug|x86.ActiveCfg = Debug|Any CPU
		{5C8C9221-AB25-4C58-A845-BAD7ABD86401}.Debug|x86.Build.0 = Debug|Any CPU
		{5C8C9221-AB25-4C58-A845-BAD7ABD86401}.Release|Any CPU.ActiveCfg = Release|Any CPU
		{5C8C9221-AB25-4C58-A845-BAD7ABD86401}.Release|Any CPU.Build.0 = Release|Any CPU
		{5C8C9221-AB25-4C58-A845-BAD7ABD86401}.Release|x64.ActiveCfg = Release|Any CPU
		{5C8C9221-AB25-4C58-A845-BAD7ABD86401}.Release|x64.Build.0 = Release|Any CPU
		{5C8C9221-AB25-4C58-A845-BAD7ABD86401}.Release|x86.ActiveCfg = Release|Any CPU
		{5C8C9221-AB25-4C58-A845-BAD7ABD86401}.Release|x86.Build.0 = Release|Any CPU
		{01819127-F178-41DA-9074-A0D82D98B271}.Debug|Any CPU.ActiveCfg = Debug|Any CPU
		{01819127-F178-41DA-9074-A0D82D98B271}.Debug|Any CPU.Build.0 = Debug|Any CPU
		{01819127-F178-41DA-9074-A0D82D98B271}.Debug|x64.ActiveCfg = Debug|Any CPU
		{01819127-F178-41DA-9074-A0D82D98B271}.Debug|x64.Build.0 = Debug|Any CPU
		{01819127-F178-41DA-9074-A0D82D98B271}.Debug|x86.ActiveCfg = Debug|Any CPU
		{01819127-F178-41DA-9074-A0D82D98B271}.Debug|x86.Build.0 = Debug|Any CPU
		{01819127-F178-41DA-9074-A0D82D98B271}.Release|Any CPU.ActiveCfg = Release|Any CPU
		{01819127-F178-41DA-9074-A0D82D98B271}.Release|Any CPU.Build.0 = Release|Any CPU
		{01819127-F178-41DA-9074-A0D82D98B271}.Release|x64.ActiveCfg = Release|Any CPU
		{01819127-F178-41DA-9074-A0D82D98B271}.Release|x64.Build.0 = Release|Any CPU
		{01819127-F178-41DA-9074-A0D82D98B271}.Release|x86.ActiveCfg = Release|Any CPU
		{01819127-F178-41DA-9074-A0D82D98B271}.Release|x86.Build.0 = Release|Any CPU
		{99366D10-FD25-4C2F-8731-9E82F9ABE9F1}.Debug|Any CPU.ActiveCfg = Debug|Any CPU
		{99366D10-FD25-4C2F-8731-9E82F9ABE9F1}.Debug|Any CPU.Build.0 = Debug|Any CPU
		{99366D10-FD25-4C2F-8731-9E82F9ABE9F1}.Debug|x64.ActiveCfg = Debug|Any CPU
		{99366D10-FD25-4C2F-8731-9E82F9ABE9F1}.Debug|x64.Build.0 = Debug|Any CPU
		{99366D10-FD25-4C2F-8731-9E82F9ABE9F1}.Debug|x86.ActiveCfg = Debug|Any CPU
		{99366D10-FD25-4C2F-8731-9E82F9ABE9F1}.Debug|x86.Build.0 = Debug|Any CPU
		{99366D10-FD25-4C2F-8731-9E82F9ABE9F1}.Release|Any CPU.ActiveCfg = Release|Any CPU
		{99366D10-FD25-4C2F-8731-9E82F9ABE9F1}.Release|Any CPU.Build.0 = Release|Any CPU
		{99366D10-FD25-4C2F-8731-9E82F9ABE9F1}.Release|x64.ActiveCfg = Release|Any CPU
		{99366D10-FD25-4C2F-8731-9E82F9ABE9F1}.Release|x64.Build.0 = Release|Any CPU
		{99366D10-FD25-4C2F-8731-9E82F9ABE9F1}.Release|x86.ActiveCfg = Release|Any CPU
		{99366D10-FD25-4C2F-8731-9E82F9ABE9F1}.Release|x86.Build.0 = Release|Any CPU
	EndGlobalSection
	GlobalSection(NestedProjects) = preSolution
		{D9A4B16A-E0F0-40DC-ABA2-3BBF069B0F22} = {9A7BEFFD-D8AF-4FDB-AF88-F3D8695FB673}
		{CD24AFD0-C659-403E-B933-B17A7CEF89A4} = {6D06A185-F7CB-4BCF-8B38-AD9455EDF9E7}
		{F7ADE2E5-6C90-4151-9755-F7A27DAF85E0} = {9A7BEFFD-D8AF-4FDB-AF88-F3D8695FB673}
		{5C8C9221-AB25-4C58-A845-BAD7ABD86401} = {6D06A185-F7CB-4BCF-8B38-AD9455EDF9E7}
		{B729D31F-6D43-4708-B7AA-4CA0EC643689} = {6D06A185-F7CB-4BCF-8B38-AD9455EDF9E7}
		{19B3B6EB-40FE-4EB9-BEDD-CDD1FDE00BDA} = {9A7BEFFD-D8AF-4FDB-AF88-F3D8695FB673}
		{9E1E8377-A5D7-4E58-93D2-CFD15B8E86A2} = {6D06A185-F7CB-4BCF-8B38-AD9455EDF9E7}
		{82B224E8-0240-4B33-A044-0418587DDA96} = {9A7BEFFD-D8AF-4FDB-AF88-F3D8695FB673}
		{725602C7-E9FC-40CE-B568-49F1ECFF3312} = {6D06A185-F7CB-4BCF-8B38-AD9455EDF9E7}
		{49B13AD8-F180-402A-A7B4-F5F236AA895D} = {6D06A185-F7CB-4BCF-8B38-AD9455EDF9E7}
		{1068D321-60D5-4226-A342-8880F90C4247} = {6D06A185-F7CB-4BCF-8B38-AD9455EDF9E7}
		{BF9150E9-8FED-4C5D-8C83-63DF03A85513} = {6D06A185-F7CB-4BCF-8B38-AD9455EDF9E7}
		{1DFA101F-E27F-4931-9CFF-1F4CB9ABD5C6} = {6D06A185-F7CB-4BCF-8B38-AD9455EDF9E7}
		{01819127-F178-41DA-9074-A0D82D98B271} = {1DFA101F-E27F-4931-9CFF-1F4CB9ABD5C6}
		{84FADC67-4611-4581-B6AD-0BDAE5E9E1A7} = {9A7BEFFD-D8AF-4FDB-AF88-F3D8695FB673}
		{99366D10-FD25-4C2F-8731-9E82F9ABE9F1} = {84FADC67-4611-4581-B6AD-0BDAE5E9E1A7}
	EndGlobalSection
EndGlobal
