
Microsoft Visual Studio Solution File, Format Version 12.00
# Visual Studio 15
VisualStudioVersion = 15.0.26124.0
MinimumVisualStudioVersion = 15.0.26124.0
Project("{FAE04EC0-301F-11D3-BF4B-00C04F79EFBC}") = "OneAdvisor.Model", "OneAdvisor.Model\OneAdvisor.Model.csproj", "{9E1E8377-A5D7-4E58-93D2-CFD15B8E86A2}"
EndProject
Project("{FAE04EC0-301F-11D3-BF4B-00C04F79EFBC}") = "OneAdvisor.Service", "OneAdvisor.Service\OneAdvisor.Service.csproj", "{B729D31F-6D43-4708-B7AA-4CA0EC643689}"
EndProject
Project("{FAE04EC0-301F-11D3-BF4B-00C04F79EFBC}") = "OneAdvisor.Data", "OneAdvisor.Data\OneAdvisor.Data.csproj", "{BF9150E9-8FED-4C5D-8C83-63DF03A85513}"
EndProject
Project("{FAE04EC0-301F-11D3-BF4B-00C04F79EFBC}") = "OneAdvisor.Service.Test", "OneAdvisor.Service.Test\OneAdvisor.Service.Test.csproj", "{D9A4B16A-E0F0-40DC-ABA2-3BBF069B0F22}"
EndProject
Project("{FAE04EC0-301F-11D3-BF4B-00C04F79EFBC}") = "OneAdvisor.Export.Csv", "OneAdvisor.Export.Csv\OneAdvisor.Export.Csv.csproj", "{49B13AD8-F180-402A-A7B4-F5F236AA895D}"
EndProject
Project("{FAE04EC0-301F-11D3-BF4B-00C04F79EFBC}") = "OneAdvisor.Import.Excel", "OneAdvisor.Import.Excel\OneAdvisor.Import.Excel.csproj", "{725602C7-E9FC-40CE-B568-49F1ECFF3312}"
EndProject
Project("{FAE04EC0-301F-11D3-BF4B-00C04F79EFBC}") = "OneAdvisor.Import.Excel.Test", "OneAdvisor.Import.Excel.Test\OneAdvisor.Import.Excel.Test.csproj", "{82B224E8-0240-4B33-A044-0418587DDA96}"
EndProject
Project("{FAE04EC0-301F-11D3-BF4B-00C04F79EFBC}") = "api.Test", "oneadvisor\api.Test\api.Test.csproj", "{D4A56685-C168-4E95-823D-14E844ABE869}"
EndProject
Project("{FAE04EC0-301F-11D3-BF4B-00C04F79EFBC}") = "OneAdvisor.Email", "OneAdvisor.Email\OneAdvisor.Email.csproj", "{1068D321-60D5-4226-A342-8880F90C4247}"
EndProject
Project("{FAE04EC0-301F-11D3-BF4B-00C04F79EFBC}") = "OneAdvisor.Service.IntegrationTest", "OneAdvisor.Service.IntegrationTest\OneAdvisor.Service.IntegrationTest.csproj", "{F7ADE2E5-6C90-4151-9755-F7A27DAF85E0}"
EndProject
Project("{FAE04EC0-301F-11D3-BF4B-00C04F79EFBC}") = "OneAdvisor.Service.Storage", "OneAdvisor.Service.Storage\OneAdvisor.Service.Storage.csproj", "{CD24AFD0-C659-403E-B933-B17A7CEF89A4}"
EndProject
Project("{2150E333-8FDC-42A3-9474-1A3956D46DE8}") = "oneadvisor", "oneadvisor", "{AEE994F6-8D7B-4DA6-92C3-8BF7110ABD63}"
EndProject
Project("{FAE04EC0-301F-11D3-BF4B-00C04F79EFBC}") = "function", "oneadvisor\function\function.csproj", "{FB1619CF-66A2-4892-A0B7-4E83214DEAC9}"
EndProject
Project("{FAE04EC0-301F-11D3-BF4B-00C04F79EFBC}") = "api", "oneadvisor\api\api.csproj", "{68B3366E-CC85-4A6E-A082-188ED2C59DE7}"
EndProject
Project("{FAE04EC0-301F-11D3-BF4B-00C04F79EFBC}") = "OneAdvisor.Model.Test", "OneAdvisor.Model.Test\OneAdvisor.Model.Test.csproj", "{19B3B6EB-40FE-4EB9-BEDD-CDD1FDE00BDA}"
EndProject
Project("{FAE04EC0-301F-11D3-BF4B-00C04F79EFBC}") = "OneAdvisor.Service.Function", "OneAdvisor.Service.Function\OneAdvisor.Service.Function.csproj", "{5C8C9221-AB25-4C58-A845-BAD7ABD86401}"
EndProject
Global
	GlobalSection(SolutionConfigurationPlatforms) = preSolution
		Debug|Any CPU = Debug|Any CPU
		Debug|x64 = Debug|x64
		Debug|x86 = Debug|x86
		Release|Any CPU = Release|Any CPU
		Release|x64 = Release|x64
		Release|x86 = Release|x86
	EndGlobalSection
	GlobalSection(SolutionProperties) = preSolution
		HideSolutionNode = FALSE
	EndGlobalSection
	GlobalSection(ProjectConfigurationPlatforms) = postSolution
		{9E1E8377-A5D7-4E58-93D2-CFD15B8E86A2}.Debug|Any CPU.ActiveCfg = Debug|Any CPU
		{9E1E8377-A5D7-4E58-93D2-CFD15B8E86A2}.Debug|Any CPU.Build.0 = Debug|Any CPU
		{9E1E8377-A5D7-4E58-93D2-CFD15B8E86A2}.Debug|x64.ActiveCfg = Debug|Any CPU
		{9E1E8377-A5D7-4E58-93D2-CFD15B8E86A2}.Debug|x64.Build.0 = Debug|Any CPU
		{9E1E8377-A5D7-4E58-93D2-CFD15B8E86A2}.Debug|x86.ActiveCfg = Debug|Any CPU
		{9E1E8377-A5D7-4E58-93D2-CFD15B8E86A2}.Debug|x86.Build.0 = Debug|Any CPU
		{9E1E8377-A5D7-4E58-93D2-CFD15B8E86A2}.Release|Any CPU.ActiveCfg = Release|Any CPU
		{9E1E8377-A5D7-4E58-93D2-CFD15B8E86A2}.Release|Any CPU.Build.0 = Release|Any CPU
		{9E1E8377-A5D7-4E58-93D2-CFD15B8E86A2}.Release|x64.ActiveCfg = Release|Any CPU
		{9E1E8377-A5D7-4E58-93D2-CFD15B8E86A2}.Release|x64.Build.0 = Release|Any CPU
		{9E1E8377-A5D7-4E58-93D2-CFD15B8E86A2}.Release|x86.ActiveCfg = Release|Any CPU
		{9E1E8377-A5D7-4E58-93D2-CFD15B8E86A2}.Release|x86.Build.0 = Release|Any CPU
		{B729D31F-6D43-4708-B7AA-4CA0EC643689}.Debug|Any CPU.ActiveCfg = Debug|Any CPU
		{B729D31F-6D43-4708-B7AA-4CA0EC643689}.Debug|Any CPU.Build.0 = Debug|Any CPU
		{B729D31F-6D43-4708-B7AA-4CA0EC643689}.Debug|x64.ActiveCfg = Debug|Any CPU
		{B729D31F-6D43-4708-B7AA-4CA0EC643689}.Debug|x64.Build.0 = Debug|Any CPU
		{B729D31F-6D43-4708-B7AA-4CA0EC643689}.Debug|x86.ActiveCfg = Debug|Any CPU
		{B729D31F-6D43-4708-B7AA-4CA0EC643689}.Debug|x86.Build.0 = Debug|Any CPU
		{B729D31F-6D43-4708-B7AA-4CA0EC643689}.Release|Any CPU.ActiveCfg = Release|Any CPU
		{B729D31F-6D43-4708-B7AA-4CA0EC643689}.Release|Any CPU.Build.0 = Release|Any CPU
		{B729D31F-6D43-4708-B7AA-4CA0EC643689}.Release|x64.ActiveCfg = Release|Any CPU
		{B729D31F-6D43-4708-B7AA-4CA0EC643689}.Release|x64.Build.0 = Release|Any CPU
		{B729D31F-6D43-4708-B7AA-4CA0EC643689}.Release|x86.ActiveCfg = Release|Any CPU
		{B729D31F-6D43-4708-B7AA-4CA0EC643689}.Release|x86.Build.0 = Release|Any CPU
		{5681C6F6-3087-444F-8BD5-E2674A5ACA6B}.Debug|Any CPU.ActiveCfg = Debug|Any CPU
		{5681C6F6-3087-444F-8BD5-E2674A5ACA6B}.Debug|Any CPU.Build.0 = Debug|Any CPU
		{5681C6F6-3087-444F-8BD5-E2674A5ACA6B}.Debug|x64.ActiveCfg = Debug|Any CPU
		{5681C6F6-3087-444F-8BD5-E2674A5ACA6B}.Debug|x64.Build.0 = Debug|Any CPU
		{5681C6F6-3087-444F-8BD5-E2674A5ACA6B}.Debug|x86.ActiveCfg = Debug|Any CPU
		{5681C6F6-3087-444F-8BD5-E2674A5ACA6B}.Debug|x86.Build.0 = Debug|Any CPU
		{5681C6F6-3087-444F-8BD5-E2674A5ACA6B}.Release|Any CPU.ActiveCfg = Release|Any CPU
		{5681C6F6-3087-444F-8BD5-E2674A5ACA6B}.Release|Any CPU.Build.0 = Release|Any CPU
		{5681C6F6-3087-444F-8BD5-E2674A5ACA6B}.Release|x64.ActiveCfg = Release|Any CPU
		{5681C6F6-3087-444F-8BD5-E2674A5ACA6B}.Release|x64.Build.0 = Release|Any CPU
		{5681C6F6-3087-444F-8BD5-E2674A5ACA6B}.Release|x86.ActiveCfg = Release|Any CPU
		{5681C6F6-3087-444F-8BD5-E2674A5ACA6B}.Release|x86.Build.0 = Release|Any CPU
		{BF9150E9-8FED-4C5D-8C83-63DF03A85513}.Debug|Any CPU.ActiveCfg = Debug|Any CPU
		{BF9150E9-8FED-4C5D-8C83-63DF03A85513}.Debug|Any CPU.Build.0 = Debug|Any CPU
		{BF9150E9-8FED-4C5D-8C83-63DF03A85513}.Debug|x64.ActiveCfg = Debug|Any CPU
		{BF9150E9-8FED-4C5D-8C83-63DF03A85513}.Debug|x64.Build.0 = Debug|Any CPU
		{BF9150E9-8FED-4C5D-8C83-63DF03A85513}.Debug|x86.ActiveCfg = Debug|Any CPU
		{BF9150E9-8FED-4C5D-8C83-63DF03A85513}.Debug|x86.Build.0 = Debug|Any CPU
		{BF9150E9-8FED-4C5D-8C83-63DF03A85513}.Release|Any CPU.ActiveCfg = Release|Any CPU
		{BF9150E9-8FED-4C5D-8C83-63DF03A85513}.Release|Any CPU.Build.0 = Release|Any CPU
		{BF9150E9-8FED-4C5D-8C83-63DF03A85513}.Release|x64.ActiveCfg = Release|Any CPU
		{BF9150E9-8FED-4C5D-8C83-63DF03A85513}.Release|x64.Build.0 = Release|Any CPU
		{BF9150E9-8FED-4C5D-8C83-63DF03A85513}.Release|x86.ActiveCfg = Release|Any CPU
		{BF9150E9-8FED-4C5D-8C83-63DF03A85513}.Release|x86.Build.0 = Release|Any CPU
		{D9A4B16A-E0F0-40DC-ABA2-3BBF069B0F22}.Debug|Any CPU.ActiveCfg = Debug|Any CPU
		{D9A4B16A-E0F0-40DC-ABA2-3BBF069B0F22}.Debug|Any CPU.Build.0 = Debug|Any CPU
		{D9A4B16A-E0F0-40DC-ABA2-3BBF069B0F22}.Debug|x64.ActiveCfg = Debug|Any CPU
		{D9A4B16A-E0F0-40DC-ABA2-3BBF069B0F22}.Debug|x64.Build.0 = Debug|Any CPU
		{D9A4B16A-E0F0-40DC-ABA2-3BBF069B0F22}.Debug|x86.ActiveCfg = Debug|Any CPU
		{D9A4B16A-E0F0-40DC-ABA2-3BBF069B0F22}.Debug|x86.Build.0 = Debug|Any CPU
		{D9A4B16A-E0F0-40DC-ABA2-3BBF069B0F22}.Release|Any CPU.ActiveCfg = Release|Any CPU
		{D9A4B16A-E0F0-40DC-ABA2-3BBF069B0F22}.Release|Any CPU.Build.0 = Release|Any CPU
		{D9A4B16A-E0F0-40DC-ABA2-3BBF069B0F22}.Release|x64.ActiveCfg = Release|Any CPU
		{D9A4B16A-E0F0-40DC-ABA2-3BBF069B0F22}.Release|x64.Build.0 = Release|Any CPU
		{D9A4B16A-E0F0-40DC-ABA2-3BBF069B0F22}.Release|x86.ActiveCfg = Release|Any CPU
		{D9A4B16A-E0F0-40DC-ABA2-3BBF069B0F22}.Release|x86.Build.0 = Release|Any CPU
		{57EFCF57-7AC4-4345-A550-140EB51A622D}.Debug|Any CPU.ActiveCfg = Debug|Any CPU
		{57EFCF57-7AC4-4345-A550-140EB51A622D}.Debug|Any CPU.Build.0 = Debug|Any CPU
		{57EFCF57-7AC4-4345-A550-140EB51A622D}.Debug|x64.ActiveCfg = Debug|Any CPU
		{57EFCF57-7AC4-4345-A550-140EB51A622D}.Debug|x64.Build.0 = Debug|Any CPU
		{57EFCF57-7AC4-4345-A550-140EB51A622D}.Debug|x86.ActiveCfg = Debug|Any CPU
		{57EFCF57-7AC4-4345-A550-140EB51A622D}.Debug|x86.Build.0 = Debug|Any CPU
		{57EFCF57-7AC4-4345-A550-140EB51A622D}.Release|Any CPU.ActiveCfg = Release|Any CPU
		{57EFCF57-7AC4-4345-A550-140EB51A622D}.Release|Any CPU.Build.0 = Release|Any CPU
		{57EFCF57-7AC4-4345-A550-140EB51A622D}.Release|x64.ActiveCfg = Release|Any CPU
		{57EFCF57-7AC4-4345-A550-140EB51A622D}.Release|x64.Build.0 = Release|Any CPU
		{57EFCF57-7AC4-4345-A550-140EB51A622D}.Release|x86.ActiveCfg = Release|Any CPU
		{57EFCF57-7AC4-4345-A550-140EB51A622D}.Release|x86.Build.0 = Release|Any CPU
		{49B13AD8-F180-402A-A7B4-F5F236AA895D}.Debug|Any CPU.ActiveCfg = Debug|Any CPU
		{49B13AD8-F180-402A-A7B4-F5F236AA895D}.Debug|Any CPU.Build.0 = Debug|Any CPU
		{49B13AD8-F180-402A-A7B4-F5F236AA895D}.Debug|x64.ActiveCfg = Debug|Any CPU
		{49B13AD8-F180-402A-A7B4-F5F236AA895D}.Debug|x64.Build.0 = Debug|Any CPU
		{49B13AD8-F180-402A-A7B4-F5F236AA895D}.Debug|x86.ActiveCfg = Debug|Any CPU
		{49B13AD8-F180-402A-A7B4-F5F236AA895D}.Debug|x86.Build.0 = Debug|Any CPU
		{49B13AD8-F180-402A-A7B4-F5F236AA895D}.Release|Any CPU.ActiveCfg = Release|Any CPU
		{49B13AD8-F180-402A-A7B4-F5F236AA895D}.Release|Any CPU.Build.0 = Release|Any CPU
		{49B13AD8-F180-402A-A7B4-F5F236AA895D}.Release|x64.ActiveCfg = Release|Any CPU
		{49B13AD8-F180-402A-A7B4-F5F236AA895D}.Release|x64.Build.0 = Release|Any CPU
		{49B13AD8-F180-402A-A7B4-F5F236AA895D}.Release|x86.ActiveCfg = Release|Any CPU
		{49B13AD8-F180-402A-A7B4-F5F236AA895D}.Release|x86.Build.0 = Release|Any CPU
		{725602C7-E9FC-40CE-B568-49F1ECFF3312}.Debug|Any CPU.ActiveCfg = Debug|Any CPU
		{725602C7-E9FC-40CE-B568-49F1ECFF3312}.Debug|Any CPU.Build.0 = Debug|Any CPU
		{725602C7-E9FC-40CE-B568-49F1ECFF3312}.Debug|x64.ActiveCfg = Debug|Any CPU
		{725602C7-E9FC-40CE-B568-49F1ECFF3312}.Debug|x64.Build.0 = Debug|Any CPU
		{725602C7-E9FC-40CE-B568-49F1ECFF3312}.Debug|x86.ActiveCfg = Debug|Any CPU
		{725602C7-E9FC-40CE-B568-49F1ECFF3312}.Debug|x86.Build.0 = Debug|Any CPU
		{725602C7-E9FC-40CE-B568-49F1ECFF3312}.Release|Any CPU.ActiveCfg = Release|Any CPU
		{725602C7-E9FC-40CE-B568-49F1ECFF3312}.Release|Any CPU.Build.0 = Release|Any CPU
		{725602C7-E9FC-40CE-B568-49F1ECFF3312}.Release|x64.ActiveCfg = Release|Any CPU
		{725602C7-E9FC-40CE-B568-49F1ECFF3312}.Release|x64.Build.0 = Release|Any CPU
		{725602C7-E9FC-40CE-B568-49F1ECFF3312}.Release|x86.ActiveCfg = Release|Any CPU
		{725602C7-E9FC-40CE-B568-49F1ECFF3312}.Release|x86.Build.0 = Release|Any CPU
		{82B224E8-0240-4B33-A044-0418587DDA96}.Debug|Any CPU.ActiveCfg = Debug|Any CPU
		{82B224E8-0240-4B33-A044-0418587DDA96}.Debug|Any CPU.Build.0 = Debug|Any CPU
		{82B224E8-0240-4B33-A044-0418587DDA96}.Debug|x64.ActiveCfg = Debug|Any CPU
		{82B224E8-0240-4B33-A044-0418587DDA96}.Debug|x64.Build.0 = Debug|Any CPU
		{82B224E8-0240-4B33-A044-0418587DDA96}.Debug|x86.ActiveCfg = Debug|Any CPU
		{82B224E8-0240-4B33-A044-0418587DDA96}.Debug|x86.Build.0 = Debug|Any CPU
		{82B224E8-0240-4B33-A044-0418587DDA96}.Release|Any CPU.ActiveCfg = Release|Any CPU
		{82B224E8-0240-4B33-A044-0418587DDA96}.Release|Any CPU.Build.0 = Release|Any CPU
		{82B224E8-0240-4B33-A044-0418587DDA96}.Release|x64.ActiveCfg = Release|Any CPU
		{82B224E8-0240-4B33-A044-0418587DDA96}.Release|x64.Build.0 = Release|Any CPU
		{82B224E8-0240-4B33-A044-0418587DDA96}.Release|x86.ActiveCfg = Release|Any CPU
		{82B224E8-0240-4B33-A044-0418587DDA96}.Release|x86.Build.0 = Release|Any CPU
		{D4A56685-C168-4E95-823D-14E844ABE869}.Debug|Any CPU.ActiveCfg = Debug|Any CPU
		{D4A56685-C168-4E95-823D-14E844ABE869}.Debug|Any CPU.Build.0 = Debug|Any CPU
		{D4A56685-C168-4E95-823D-14E844ABE869}.Debug|x64.ActiveCfg = Debug|Any CPU
		{D4A56685-C168-4E95-823D-14E844ABE869}.Debug|x64.Build.0 = Debug|Any CPU
		{D4A56685-C168-4E95-823D-14E844ABE869}.Debug|x86.ActiveCfg = Debug|Any CPU
		{D4A56685-C168-4E95-823D-14E844ABE869}.Debug|x86.Build.0 = Debug|Any CPU
		{D4A56685-C168-4E95-823D-14E844ABE869}.Release|Any CPU.ActiveCfg = Release|Any CPU
		{D4A56685-C168-4E95-823D-14E844ABE869}.Release|Any CPU.Build.0 = Release|Any CPU
		{D4A56685-C168-4E95-823D-14E844ABE869}.Release|x64.ActiveCfg = Release|Any CPU
		{D4A56685-C168-4E95-823D-14E844ABE869}.Release|x64.Build.0 = Release|Any CPU
		{D4A56685-C168-4E95-823D-14E844ABE869}.Release|x86.ActiveCfg = Release|Any CPU
		{D4A56685-C168-4E95-823D-14E844ABE869}.Release|x86.Build.0 = Release|Any CPU
		{1068D321-60D5-4226-A342-8880F90C4247}.Debug|Any CPU.ActiveCfg = Debug|Any CPU
		{1068D321-60D5-4226-A342-8880F90C4247}.Debug|Any CPU.Build.0 = Debug|Any CPU
		{1068D321-60D5-4226-A342-8880F90C4247}.Debug|x64.ActiveCfg = Debug|Any CPU
		{1068D321-60D5-4226-A342-8880F90C4247}.Debug|x64.Build.0 = Debug|Any CPU
		{1068D321-60D5-4226-A342-8880F90C4247}.Debug|x86.ActiveCfg = Debug|Any CPU
		{1068D321-60D5-4226-A342-8880F90C4247}.Debug|x86.Build.0 = Debug|Any CPU
		{1068D321-60D5-4226-A342-8880F90C4247}.Release|Any CPU.ActiveCfg = Release|Any CPU
		{1068D321-60D5-4226-A342-8880F90C4247}.Release|Any CPU.Build.0 = Release|Any CPU
		{1068D321-60D5-4226-A342-8880F90C4247}.Release|x64.ActiveCfg = Release|Any CPU
		{1068D321-60D5-4226-A342-8880F90C4247}.Release|x64.Build.0 = Release|Any CPU
		{1068D321-60D5-4226-A342-8880F90C4247}.Release|x86.ActiveCfg = Release|Any CPU
		{1068D321-60D5-4226-A342-8880F90C4247}.Release|x86.Build.0 = Release|Any CPU
		{F7ADE2E5-6C90-4151-9755-F7A27DAF85E0}.Debug|Any CPU.ActiveCfg = Debug|Any CPU
		{F7ADE2E5-6C90-4151-9755-F7A27DAF85E0}.Debug|Any CPU.Build.0 = Debug|Any CPU
		{F7ADE2E5-6C90-4151-9755-F7A27DAF85E0}.Debug|x64.ActiveCfg = Debug|Any CPU
		{F7ADE2E5-6C90-4151-9755-F7A27DAF85E0}.Debug|x64.Build.0 = Debug|Any CPU
		{F7ADE2E5-6C90-4151-9755-F7A27DAF85E0}.Debug|x86.ActiveCfg = Debug|Any CPU
		{F7ADE2E5-6C90-4151-9755-F7A27DAF85E0}.Debug|x86.Build.0 = Debug|Any CPU
		{F7ADE2E5-6C90-4151-9755-F7A27DAF85E0}.Release|Any CPU.ActiveCfg = Release|Any CPU
		{F7ADE2E5-6C90-4151-9755-F7A27DAF85E0}.Release|Any CPU.Build.0 = Release|Any CPU
		{F7ADE2E5-6C90-4151-9755-F7A27DAF85E0}.Release|x64.ActiveCfg = Release|Any CPU
		{F7ADE2E5-6C90-4151-9755-F7A27DAF85E0}.Release|x64.Build.0 = Release|Any CPU
		{F7ADE2E5-6C90-4151-9755-F7A27DAF85E0}.Release|x86.ActiveCfg = Release|Any CPU
		{F7ADE2E5-6C90-4151-9755-F7A27DAF85E0}.Release|x86.Build.0 = Release|Any CPU
		{CD24AFD0-C659-403E-B933-B17A7CEF89A4}.Debug|Any CPU.ActiveCfg = Debug|Any CPU
		{CD24AFD0-C659-403E-B933-B17A7CEF89A4}.Debug|Any CPU.Build.0 = Debug|Any CPU
		{CD24AFD0-C659-403E-B933-B17A7CEF89A4}.Debug|x64.ActiveCfg = Debug|Any CPU
		{CD24AFD0-C659-403E-B933-B17A7CEF89A4}.Debug|x64.Build.0 = Debug|Any CPU
		{CD24AFD0-C659-403E-B933-B17A7CEF89A4}.Debug|x86.ActiveCfg = Debug|Any CPU
		{CD24AFD0-C659-403E-B933-B17A7CEF89A4}.Debug|x86.Build.0 = Debug|Any CPU
		{CD24AFD0-C659-403E-B933-B17A7CEF89A4}.Release|Any CPU.ActiveCfg = Release|Any CPU
		{CD24AFD0-C659-403E-B933-B17A7CEF89A4}.Release|Any CPU.Build.0 = Release|Any CPU
		{CD24AFD0-C659-403E-B933-B17A7CEF89A4}.Release|x64.ActiveCfg = Release|Any CPU
		{CD24AFD0-C659-403E-B933-B17A7CEF89A4}.Release|x64.Build.0 = Release|Any CPU
		{CD24AFD0-C659-403E-B933-B17A7CEF89A4}.Release|x86.ActiveCfg = Release|Any CPU
		{CD24AFD0-C659-403E-B933-B17A7CEF89A4}.Release|x86.Build.0 = Release|Any CPU
		{FB1619CF-66A2-4892-A0B7-4E83214DEAC9}.Debug|Any CPU.ActiveCfg = Debug|Any CPU
		{FB1619CF-66A2-4892-A0B7-4E83214DEAC9}.Debug|Any CPU.Build.0 = Debug|Any CPU
		{FB1619CF-66A2-4892-A0B7-4E83214DEAC9}.Debug|x64.ActiveCfg = Debug|Any CPU
		{FB1619CF-66A2-4892-A0B7-4E83214DEAC9}.Debug|x64.Build.0 = Debug|Any CPU
		{FB1619CF-66A2-4892-A0B7-4E83214DEAC9}.Debug|x86.ActiveCfg = Debug|Any CPU
		{FB1619CF-66A2-4892-A0B7-4E83214DEAC9}.Debug|x86.Build.0 = Debug|Any CPU
		{FB1619CF-66A2-4892-A0B7-4E83214DEAC9}.Release|Any CPU.ActiveCfg = Release|Any CPU
		{FB1619CF-66A2-4892-A0B7-4E83214DEAC9}.Release|Any CPU.Build.0 = Release|Any CPU
		{FB1619CF-66A2-4892-A0B7-4E83214DEAC9}.Release|x64.ActiveCfg = Release|Any CPU
		{FB1619CF-66A2-4892-A0B7-4E83214DEAC9}.Release|x64.Build.0 = Release|Any CPU
		{FB1619CF-66A2-4892-A0B7-4E83214DEAC9}.Release|x86.ActiveCfg = Release|Any CPU
		{FB1619CF-66A2-4892-A0B7-4E83214DEAC9}.Release|x86.Build.0 = Release|Any CPU
		{68B3366E-CC85-4A6E-A082-188ED2C59DE7}.Debug|Any CPU.ActiveCfg = Debug|Any CPU
		{68B3366E-CC85-4A6E-A082-188ED2C59DE7}.Debug|Any CPU.Build.0 = Debug|Any CPU
		{68B3366E-CC85-4A6E-A082-188ED2C59DE7}.Debug|x64.ActiveCfg = Debug|Any CPU
		{68B3366E-CC85-4A6E-A082-188ED2C59DE7}.Debug|x64.Build.0 = Debug|Any CPU
		{68B3366E-CC85-4A6E-A082-188ED2C59DE7}.Debug|x86.ActiveCfg = Debug|Any CPU
		{68B3366E-CC85-4A6E-A082-188ED2C59DE7}.Debug|x86.Build.0 = Debug|Any CPU
		{68B3366E-CC85-4A6E-A082-188ED2C59DE7}.Release|Any CPU.ActiveCfg = Release|Any CPU
		{68B3366E-CC85-4A6E-A082-188ED2C59DE7}.Release|Any CPU.Build.0 = Release|Any CPU
		{68B3366E-CC85-4A6E-A082-188ED2C59DE7}.Release|x64.ActiveCfg = Release|Any CPU
		{68B3366E-CC85-4A6E-A082-188ED2C59DE7}.Release|x64.Build.0 = Release|Any CPU
		{68B3366E-CC85-4A6E-A082-188ED2C59DE7}.Release|x86.ActiveCfg = Release|Any CPU
		{68B3366E-CC85-4A6E-A082-188ED2C59DE7}.Release|x86.Build.0 = Release|Any CPU
		{19B3B6EB-40FE-4EB9-BEDD-CDD1FDE00BDA}.Debug|Any CPU.ActiveCfg = Debug|Any CPU
		{19B3B6EB-40FE-4EB9-BEDD-CDD1FDE00BDA}.Debug|Any CPU.Build.0 = Debug|Any CPU
		{19B3B6EB-40FE-4EB9-BEDD-CDD1FDE00BDA}.Debug|x64.ActiveCfg = Debug|Any CPU
		{19B3B6EB-40FE-4EB9-BEDD-CDD1FDE00BDA}.Debug|x64.Build.0 = Debug|Any CPU
		{19B3B6EB-40FE-4EB9-BEDD-CDD1FDE00BDA}.Debug|x86.ActiveCfg = Debug|Any CPU
		{19B3B6EB-40FE-4EB9-BEDD-CDD1FDE00BDA}.Debug|x86.Build.0 = Debug|Any CPU
		{19B3B6EB-40FE-4EB9-BEDD-CDD1FDE00BDA}.Release|Any CPU.ActiveCfg = Release|Any CPU
		{19B3B6EB-40FE-4EB9-BEDD-CDD1FDE00BDA}.Release|Any CPU.Build.0 = Release|Any CPU
		{19B3B6EB-40FE-4EB9-BEDD-CDD1FDE00BDA}.Release|x64.ActiveCfg = Release|Any CPU
		{19B3B6EB-40FE-4EB9-BEDD-CDD1FDE00BDA}.Release|x64.Build.0 = Release|Any CPU
		{19B3B6EB-40FE-4EB9-BEDD-CDD1FDE00BDA}.Release|x86.ActiveCfg = Release|Any CPU
		{19B3B6EB-40FE-4EB9-BEDD-CDD1FDE00BDA}.Release|x86.Build.0 = Release|Any CPU
		{5C8C9221-AB25-4C58-A845-BAD7ABD86401}.Debug|Any CPU.ActiveCfg = Debug|Any CPU
		{5C8C9221-AB25-4C58-A845-BAD7ABD86401}.Debug|Any CPU.Build.0 = Debug|Any CPU
		{5C8C9221-AB25-4C58-A845-BAD7ABD86401}.Debug|x64.ActiveCfg = Debug|Any CPU
		{5C8C9221-AB25-4C58-A845-BAD7ABD86401}.Debug|x64.Build.0 = Debug|Any CPU
		{5C8C9221-AB25-4C58-A845-BAD7ABD86401}.Debug|x86.ActiveCfg = Debug|Any CPU
		{5C8C9221-AB25-4C58-A845-BAD7ABD86401}.Debug|x86.Build.0 = Debug|Any CPU
		{5C8C9221-AB25-4C58-A845-BAD7ABD86401}.Release|Any CPU.ActiveCfg = Release|Any CPU
		{5C8C9221-AB25-4C58-A845-BAD7ABD86401}.Release|Any CPU.Build.0 = Release|Any CPU
		{5C8C9221-AB25-4C58-A845-BAD7ABD86401}.Release|x64.ActiveCfg = Release|Any CPU
		{5C8C9221-AB25-4C58-A845-BAD7ABD86401}.Release|x64.Build.0 = Release|Any CPU
		{5C8C9221-AB25-4C58-A845-BAD7ABD86401}.Release|x86.ActiveCfg = Release|Any CPU
		{5C8C9221-AB25-4C58-A845-BAD7ABD86401}.Release|x86.Build.0 = Release|Any CPU
	EndGlobalSection
	GlobalSection(NestedProjects) = preSolution
		{FB1619CF-66A2-4892-A0B7-4E83214DEAC9} = {AEE994F6-8D7B-4DA6-92C3-8BF7110ABD63}
		{68B3366E-CC85-4A6E-A082-188ED2C59DE7} = {AEE994F6-8D7B-4DA6-92C3-8BF7110ABD63}
	EndGlobalSection
EndGlobal
